
Microsoft Visual Studio Solution File, Format Version 12.00
# Visual Studio Version 17
VisualStudioVersion = 17.7.34202.233
MinimumVisualStudioVersion = 10.0.40219.1
Project("{9A19103F-16F7-4668-BE54-9A1E7A4F7556}") = "Dnd.System", "src\Dnd.System\Dnd.System.csproj", "{7A482D9A-714E-4AB9-8A94-B865D95AF2E9}"
EndProject
Project("{9A19103F-16F7-4668-BE54-9A1E7A4F7556}") = "Dnd.Tests", "test\Dnd.Tests\Dnd.Tests.csproj", "{2E08426D-BDAA-4D75-87D2-C4C872AA19FE}"
EndProject
Project("{9A19103F-16F7-4668-BE54-9A1E7A4F7556}") = "Dnd.Predefined", "src\Dnd.Predefined\Dnd.Predefined.csproj", "{6FE732D2-1F8C-446E-8BC7-FBAEBABC9646}"
EndProject
Project("{FAE04EC0-301F-11D3-BF4B-00C04F79EFBC}") = "Dnd.5eSRD", "Dnd.5eSRD\Dnd.5eSRD.csproj", "{9407B192-F289-4132-B3FE-60C0F38998A6}"
EndProject
Project("{FAE04EC0-301F-11D3-BF4B-00C04F79EFBC}") = "APIConstantGenerator", "APIConstantGenerator\APIConstantGenerator.csproj", "{2A7697A3-7A37-492F-BDFF-BC822996D9ED}"
EndProject
Global
	GlobalSection(SolutionConfigurationPlatforms) = preSolution
		Debug|Any CPU = Debug|Any CPU
		Release|Any CPU = Release|Any CPU
	EndGlobalSection
	GlobalSection(ProjectConfigurationPlatforms) = postSolution
		{7A482D9A-714E-4AB9-8A94-B865D95AF2E9}.Debug|Any CPU.ActiveCfg = Debug|Any CPU
		{7A482D9A-714E-4AB9-8A94-B865D95AF2E9}.Debug|Any CPU.Build.0 = Debug|Any CPU
		{7A482D9A-714E-4AB9-8A94-B865D95AF2E9}.Release|Any CPU.ActiveCfg = Release|Any CPU
		{7A482D9A-714E-4AB9-8A94-B865D95AF2E9}.Release|Any CPU.Build.0 = Release|Any CPU
		{2E08426D-BDAA-4D75-87D2-C4C872AA19FE}.Debug|Any CPU.ActiveCfg = Debug|Any CPU
		{2E08426D-BDAA-4D75-87D2-C4C872AA19FE}.Debug|Any CPU.Build.0 = Debug|Any CPU
		{2E08426D-BDAA-4D75-87D2-C4C872AA19FE}.Release|Any CPU.ActiveCfg = Release|Any CPU
		{2E08426D-BDAA-4D75-87D2-C4C872AA19FE}.Release|Any CPU.Build.0 = Release|Any CPU
		{6FE732D2-1F8C-446E-8BC7-FBAEBABC9646}.Debug|Any CPU.ActiveCfg = Debug|Any CPU
		{6FE732D2-1F8C-446E-8BC7-FBAEBABC9646}.Debug|Any CPU.Build.0 = Debug|Any CPU
		{6FE732D2-1F8C-446E-8BC7-FBAEBABC9646}.Release|Any CPU.ActiveCfg = Release|Any CPU
		{6FE732D2-1F8C-446E-8BC7-FBAEBABC9646}.Release|Any CPU.Build.0 = Release|Any CPU
		{9407B192-F289-4132-B3FE-60C0F38998A6}.Debug|Any CPU.ActiveCfg = Debug|Any CPU
		{9407B192-F289-4132-B3FE-60C0F38998A6}.Debug|Any CPU.Build.0 = Debug|Any CPU
		{9407B192-F289-4132-B3FE-60C0F38998A6}.Release|Any CPU.ActiveCfg = Release|Any CPU
		{9407B192-F289-4132-B3FE-60C0F38998A6}.Release|Any CPU.Build.0 = Release|Any CPU
		{2A7697A3-7A37-492F-BDFF-BC822996D9ED}.Debug|Any CPU.ActiveCfg = Debug|Any CPU
		{2A7697A3-7A37-492F-BDFF-BC822996D9ED}.Debug|Any CPU.Build.0 = Debug|Any CPU
		{2A7697A3-7A37-492F-BDFF-BC822996D9ED}.Release|Any CPU.ActiveCfg = Release|Any CPU
		{2A7697A3-7A37-492F-BDFF-BC822996D9ED}.Release|Any CPU.Build.0 = Release|Any CPU
	EndGlobalSection
	GlobalSection(SolutionProperties) = preSolution
		HideSolutionNode = FALSE
	EndGlobalSection
	GlobalSection(ExtensibilityGlobals) = postSolution
		SolutionGuid = {DB47E874-D4BF-4EB1-AC43-ABB814537E97}
	EndGlobalSection
EndGlobal
