
Microsoft Visual Studio Solution File, Format Version 12.00
# Visual Studio Version 17
VisualStudioVersion = 17.7.34202.233
MinimumVisualStudioVersion = 10.0.40219.1
Project("{9A19103F-16F7-4668-BE54-9A1E7A4F7556}") = "Dnd", "src\Dnd\Dnd.csproj", "{7A482D9A-714E-4AB9-8A94-B865D95AF2E9}"
EndProject
Project("{FAE04EC0-301F-11D3-BF4B-00C04F79EFBC}") = "Dnd.Tests", "test\Dnd.Tests\Dnd.Tests.csproj", "{2E08426D-BDAA-4D75-87D2-C4C872AA19FE}"
EndProject
Global
	GlobalSection(SolutionConfigurationPlatforms) = preSolution
		Debug|Any CPU = Debug|Any CPU
		Release|Any CPU = Release|Any CPU
	EndGlobalSection
	GlobalSection(ProjectConfigurationPlatforms) = postSolution
		{7A482D9A-714E-4AB9-8A94-B865D95AF2E9}.Debug|Any CPU.ActiveCfg = Debug|Any CPU
		{7A482D9A-714E-4AB9-8A94-B865D95AF2E9}.Debug|Any CPU.Build.0 = Debug|Any CPU
		{7A482D9A-714E-4AB9-8A94-B865D95AF2E9}.Release|Any CPU.ActiveCfg = Release|Any CPU
		{7A482D9A-714E-4AB9-8A94-B865D95AF2E9}.Release|Any CPU.Build.0 = Release|Any CPU
		{2E08426D-BDAA-4D75-87D2-C4C872AA19FE}.Debug|Any CPU.ActiveCfg = Debug|Any CPU
		{2E08426D-BDAA-4D75-87D2-C4C872AA19FE}.Debug|Any CPU.Build.0 = Debug|Any CPU
		{2E08426D-BDAA-4D75-87D2-C4C872AA19FE}.Release|Any CPU.ActiveCfg = Release|Any CPU
		{2E08426D-BDAA-4D75-87D2-C4C872AA19FE}.Release|Any CPU.Build.0 = Release|Any CPU
	EndGlobalSection
	GlobalSection(SolutionProperties) = preSolution
		HideSolutionNode = FALSE
	EndGlobalSection
	GlobalSection(ExtensibilityGlobals) = postSolution
		SolutionGuid = {DB47E874-D4BF-4EB1-AC43-ABB814537E97}
	EndGlobalSection
EndGlobal
